
Microsoft Visual Studio Solution File, Format Version 12.00
# Visual Studio Version 17
VisualStudioVersion = 17.2.32602.215
MinimumVisualStudioVersion = 10.0.40219.1
Project("{FAE04EC0-301F-11D3-BF4B-00C04F79EFBC}") = "Adapter", "Adapter\Adapter.csproj", "{6F94316C-580C-478F-86D5-6AE61FA6D646}"
EndProject
Project("{9A19103F-16F7-4668-BE54-9A1E7A4F7556}") = "Builder", "builderAndSolid\Builder.csproj", "{2123D95B-6189-4E2E-A233-B4269E24AB1D}"
EndProject
Global
	GlobalSection(SolutionConfigurationPlatforms) = preSolution
		Debug|Any CPU = Debug|Any CPU
		Release|Any CPU = Release|Any CPU
	EndGlobalSection
	GlobalSection(ProjectConfigurationPlatforms) = postSolution
		{6F94316C-580C-478F-86D5-6AE61FA6D646}.Debug|Any CPU.ActiveCfg = Debug|Any CPU
		{6F94316C-580C-478F-86D5-6AE61FA6D646}.Debug|Any CPU.Build.0 = Debug|Any CPU
		{6F94316C-580C-478F-86D5-6AE61FA6D646}.Release|Any CPU.ActiveCfg = Release|Any CPU
		{6F94316C-580C-478F-86D5-6AE61FA6D646}.Release|Any CPU.Build.0 = Release|Any CPU
		{2123D95B-6189-4E2E-A233-B4269E24AB1D}.Debug|Any CPU.ActiveCfg = Debug|Any CPU
		{2123D95B-6189-4E2E-A233-B4269E24AB1D}.Debug|Any CPU.Build.0 = Debug|Any CPU
		{2123D95B-6189-4E2E-A233-B4269E24AB1D}.Release|Any CPU.ActiveCfg = Release|Any CPU
		{2123D95B-6189-4E2E-A233-B4269E24AB1D}.Release|Any CPU.Build.0 = Release|Any CPU
	EndGlobalSection
	GlobalSection(SolutionProperties) = preSolution
		HideSolutionNode = FALSE
	EndGlobalSection
	GlobalSection(ExtensibilityGlobals) = postSolution
		SolutionGuid = {25687E1B-2F77-443A-B980-F9DFD96AAE75}
	EndGlobalSection
EndGlobal
